
Microsoft Visual Studio Solution File, Format Version 12.00
# Visual Studio Version 16
VisualStudioVersion = 16.0.31702.278
MinimumVisualStudioVersion = 10.0.40219.1
Project("{8BC9CEB8-8B4A-11D0-8D11-00A0C91BC942}") = "lab_1", "lab_1\lab_1.vcxproj", "{CCBB1633-EA93-47C4-95AA-051AE56F9F9F}"
EndProject
Project("{8BC9CEB8-8B4A-11D0-8D11-00A0C91BC942}") = "lab_2", "lab_2\lab_2.vcxproj", "{61F14D00-6129-46B3-ACF2-BB3FE1A923BC}"
EndProject
Project("{8BC9CEB8-8B4A-11D0-8D11-00A0C91BC942}") = "lab_3", "lab_3\lab_3.vcxproj", "{E8A3CF2D-81A2-4E0C-809F-45467761D4B3}"
EndProject
Global
	GlobalSection(SolutionConfigurationPlatforms) = preSolution
		Debug|x64 = Debug|x64
		Debug|x86 = Debug|x86
		Release|x64 = Release|x64
		Release|x86 = Release|x86
	EndGlobalSection
	GlobalSection(ProjectConfigurationPlatforms) = postSolution
		{CCBB1633-EA93-47C4-95AA-051AE56F9F9F}.Debug|x64.ActiveCfg = Debug|x64
		{CCBB1633-EA93-47C4-95AA-051AE56F9F9F}.Debug|x64.Build.0 = Debug|x64
		{CCBB1633-EA93-47C4-95AA-051AE56F9F9F}.Debug|x86.ActiveCfg = Debug|Win32
		{CCBB1633-EA93-47C4-95AA-051AE56F9F9F}.Debug|x86.Build.0 = Debug|Win32
		{CCBB1633-EA93-47C4-95AA-051AE56F9F9F}.Release|x64.ActiveCfg = Release|x64
		{CCBB1633-EA93-47C4-95AA-051AE56F9F9F}.Release|x64.Build.0 = Release|x64
		{CCBB1633-EA93-47C4-95AA-051AE56F9F9F}.Release|x86.ActiveCfg = Release|Win32
		{CCBB1633-EA93-47C4-95AA-051AE56F9F9F}.Release|x86.Build.0 = Release|Win32
		{61F14D00-6129-46B3-ACF2-BB3FE1A923BC}.Debug|x64.ActiveCfg = Debug|x64
		{61F14D00-6129-46B3-ACF2-BB3FE1A923BC}.Debug|x64.Build.0 = Debug|x64
		{61F14D00-6129-46B3-ACF2-BB3FE1A923BC}.Debug|x86.ActiveCfg = Debug|Win32
		{61F14D00-6129-46B3-ACF2-BB3FE1A923BC}.Debug|x86.Build.0 = Debug|Win32
		{61F14D00-6129-46B3-ACF2-BB3FE1A923BC}.Release|x64.ActiveCfg = Release|x64
		{61F14D00-6129-46B3-ACF2-BB3FE1A923BC}.Release|x64.Build.0 = Release|x64
		{61F14D00-6129-46B3-ACF2-BB3FE1A923BC}.Release|x86.ActiveCfg = Release|Win32
		{61F14D00-6129-46B3-ACF2-BB3FE1A923BC}.Release|x86.Build.0 = Release|Win32
		{E8A3CF2D-81A2-4E0C-809F-45467761D4B3}.Debug|x64.ActiveCfg = Debug|x64
		{E8A3CF2D-81A2-4E0C-809F-45467761D4B3}.Debug|x64.Build.0 = Debug|x64
		{E8A3CF2D-81A2-4E0C-809F-45467761D4B3}.Debug|x86.ActiveCfg = Debug|Win32
		{E8A3CF2D-81A2-4E0C-809F-45467761D4B3}.Debug|x86.Build.0 = Debug|Win32
		{E8A3CF2D-81A2-4E0C-809F-45467761D4B3}.Release|x64.ActiveCfg = Release|x64
		{E8A3CF2D-81A2-4E0C-809F-45467761D4B3}.Release|x64.Build.0 = Release|x64
		{E8A3CF2D-81A2-4E0C-809F-45467761D4B3}.Release|x86.ActiveCfg = Release|Win32
		{E8A3CF2D-81A2-4E0C-809F-45467761D4B3}.Release|x86.Build.0 = Release|Win32
	EndGlobalSection
	GlobalSection(SolutionProperties) = preSolution
		HideSolutionNode = FALSE
	EndGlobalSection
	GlobalSection(ExtensibilityGlobals) = postSolution
		SolutionGuid = {6BDA34D5-D8B6-42D8-8FBD-2E662BA17443}
	EndGlobalSection
EndGlobal
